
Microsoft Visual Studio Solution File, Format Version 12.00
# Visual Studio Version 16
VisualStudioVersion = 16.0.31613.86
MinimumVisualStudioVersion = 10.0.40219.1
Project("{FAE04EC0-301F-11D3-BF4B-00C04F79EFBC}") = "ConsoleAppNewStart", "ConsoleAppNewStart\ConsoleAppNewStart.csproj", "{60C251D0-7026-4676-A07F-F9E3C9C3FFD9}"
EndProject
Global
	GlobalSection(SolutionConfigurationPlatforms) = preSolution
		Debug|Any CPU = Debug|Any CPU
		Release|Any CPU = Release|Any CPU
	EndGlobalSection
	GlobalSection(ProjectConfigurationPlatforms) = postSolution
		{60C251D0-7026-4676-A07F-F9E3C9C3FFD9}.Debug|Any CPU.ActiveCfg = Debug|Any CPU
		{60C251D0-7026-4676-A07F-F9E3C9C3FFD9}.Debug|Any CPU.Build.0 = Debug|Any CPU
		{60C251D0-7026-4676-A07F-F9E3C9C3FFD9}.Release|Any CPU.ActiveCfg = Release|Any CPU
		{60C251D0-7026-4676-A07F-F9E3C9C3FFD9}.Release|Any CPU.Build.0 = Release|Any CPU
	EndGlobalSection
	GlobalSection(SolutionProperties) = preSolution
		HideSolutionNode = FALSE
	EndGlobalSection
	GlobalSection(ExtensibilityGlobals) = postSolution
		SolutionGuid = {4F2E867D-3649-451B-A84F-0C5E5BFC736F}
	EndGlobalSection
EndGlobal
